
Microsoft Visual Studio Solution File, Format Version 12.00
# Visual Studio Version 17
VisualStudioVersion = 17.9.34622.214
MinimumVisualStudioVersion = 10.0.40219.1
Project("{FAE04EC0-301F-11D3-BF4B-00C04F79EFBC}") = "NZPureJadeShop", "NZPureJadeShop\NZPureJadeShop.csproj", "{2F362253-C573-4723-BF24-3751AF6A6E17}"
EndProject
Global
	GlobalSection(SolutionConfigurationPlatforms) = preSolution
		Debug|Any CPU = Debug|Any CPU
		Release|Any CPU = Release|Any CPU
	EndGlobalSection
	GlobalSection(ProjectConfigurationPlatforms) = postSolution
		{2F362253-C573-4723-BF24-3751AF6A6E17}.Debug|Any CPU.ActiveCfg = Debug|Any CPU
		{2F362253-C573-4723-BF24-3751AF6A6E17}.Debug|Any CPU.Build.0 = Debug|Any CPU
		{2F362253-C573-4723-BF24-3751AF6A6E17}.Release|Any CPU.ActiveCfg = Release|Any CPU
		{2F362253-C573-4723-BF24-3751AF6A6E17}.Release|Any CPU.Build.0 = Release|Any CPU
	EndGlobalSection
	GlobalSection(SolutionProperties) = preSolution
		HideSolutionNode = FALSE
	EndGlobalSection
	GlobalSection(ExtensibilityGlobals) = postSolution
		SolutionGuid = {0F194426-5D53-4EC9-99BE-B61EE9E760D8}
	EndGlobalSection
EndGlobal
